PODS:
  - Alamofire (4.0.1)
  - AlamofireImage (3.1.0):
    - Alamofire (~> 4.0)
  - HysteriaPlayer (2.1.9)
  - ObjectMapper (2.0.0)
  - SwiftPlayer (0.3.5):
    - HysteriaPlayer (~> 2.1)

DEPENDENCIES:
  - AlamofireImage
  - HysteriaPlayer (from `https://github.com/hanappaula/HysteriaPlayer.git`, commit `a7b285745b6c3f1772975f919a56c0916843e0e2`)
  - ObjectMapper
  - SwiftPlayer (from `../`)

EXTERNAL SOURCES:
  HysteriaPlayer:
    :commit: a7b285745b6c3f1772975f919a56c0916843e0e2
    :git: https://github.com/hanappaula/HysteriaPlayer.git
  SwiftPlayer:
    :path: "../"

CHECKOUT OPTIONS:
  HysteriaPlayer:
    :commit: a7b285745b6c3f1772975f919a56c0916843e0e2
    :git: https://github.com/hanappaula/HysteriaPlayer.git

SPEC CHECKSUMS:
  Alamofire: 7682d43245de14874acd142ec137b144aa1dd335
  AlamofireImage: bb8c8351c51cb1633bb6be69b6dbbaff37ce65b7
  HysteriaPlayer: 583c4cdfdd8e9016d1edffb3c1b945f8e1f1ecc5
  ObjectMapper: aed2570edabbd3c9b26c939e1cabdb6558f933e0
  SwiftPlayer: d2940afbef7a15feb9d42e846ad91950f64a798c

PODFILE CHECKSUM: e5883ed1bd560cb80ea438975ecedd2fb2dcf5a8

COCOAPODS: 1.1.0.rc.2
