PODS:
  - Alamofire (4.0.0)
  - AlamofireImage (3.0.0):
    - Alamofire (~> 4.0)
  - HysteriaPlayer (2.1.9)
  - ObjectMapper (2.0.0)
  - SwiftPlayer (0.3.5):
    - HysteriaPlayer (~> 2.1)

DEPENDENCIES:
  - AlamofireImage
  - HysteriaPlayer (from `https://github.com/hanappaula/HysteriaPlayer.git`, commit `a7b285745b6c3f1772975f919a56c0916843e0e2`)
  - ObjectMapper
  - SwiftPlayer (from `../`)

EXTERNAL SOURCES:
  HysteriaPlayer:
    :commit: a7b285745b6c3f1772975f919a56c0916843e0e2
    :git: https://github.com/hanappaula/HysteriaPlayer.git
  SwiftPlayer:
    :path: "../"

CHECKOUT OPTIONS:
  HysteriaPlayer:
    :commit: a7b285745b6c3f1772975f919a56c0916843e0e2
    :git: https://github.com/hanappaula/HysteriaPlayer.git

SPEC CHECKSUMS:
  Alamofire: fef59f00388f267e52d9b432aa5d93dc97190f14
  AlamofireImage: 6594aa1139a67dcd36cde6da79ea4e5b318e60fb
  HysteriaPlayer: 583c4cdfdd8e9016d1edffb3c1b945f8e1f1ecc5
  ObjectMapper: aed2570edabbd3c9b26c939e1cabdb6558f933e0
  SwiftPlayer: 37f2b7ddfbc22756f67ca06ca4ae4edc3ae2d389

PODFILE CHECKSUM: e5883ed1bd560cb80ea438975ecedd2fb2dcf5a8

COCOAPODS: 1.1.0.rc.2
